
Microsoft Visual Studio Solution File, Format Version 12.00
# Visual Studio Version 17
VisualStudioVersion = 17.0.31903.59
MinimumVisualStudioVersion = 10.0.40219.1
Project("{2150E333-8FDC-42A3-9474-1A3956D46DE8}") = "Solution Items", "Solution Items", "{0B1A85DA-03E5-4E54-92B6-D3579B25CE2B}"
	ProjectSection(SolutionItems) = preProject
		README.md = README.md
	EndProjectSection
EndProject
Project("{9A19103F-16F7-4668-BE54-9A1E7A4F7556}") = "csharp-simple-webapi.Main", "csharp-simple-webapi.Main\csharp-simple-webapi.Main.csproj", "{08EEF90A-8C8E-41BE-A879-63D1965ABAE8}"
EndProject
Project("{FAE04EC0-301F-11D3-BF4B-00C04F79EFBC}") = "csharp-simple-webapi.Tests", "csharp-simple-webapi.Tests\csharp-simple-webapi.Tests.csproj", "{4D352AE0-CAD5-4CF8-9578-9502FD6FD737}"
EndProject
Global
	GlobalSection(SolutionConfigurationPlatforms) = preSolution
		Debug|Any CPU = Debug|Any CPU
		Release|Any CPU = Release|Any CPU
	EndGlobalSection
	GlobalSection(ProjectConfigurationPlatforms) = postSolution
		{08EEF90A-8C8E-41BE-A879-63D1965ABAE8}.Debug|Any CPU.ActiveCfg = Debug|Any CPU
		{08EEF90A-8C8E-41BE-A879-63D1965ABAE8}.Debug|Any CPU.Build.0 = Debug|Any CPU
		{08EEF90A-8C8E-41BE-A879-63D1965ABAE8}.Release|Any CPU.ActiveCfg = Release|Any CPU
		{08EEF90A-8C8E-41BE-A879-63D1965ABAE8}.Release|Any CPU.Build.0 = Release|Any CPU
		{4D352AE0-CAD5-4CF8-9578-9502FD6FD737}.Debug|Any CPU.ActiveCfg = Debug|Any CPU
		{4D352AE0-CAD5-4CF8-9578-9502FD6FD737}.Debug|Any CPU.Build.0 = Debug|Any CPU
		{4D352AE0-CAD5-4CF8-9578-9502FD6FD737}.Release|Any CPU.ActiveCfg = Release|Any CPU
		{4D352AE0-CAD5-4CF8-9578-9502FD6FD737}.Release|Any CPU.Build.0 = Release|Any CPU
	EndGlobalSection
	GlobalSection(SolutionProperties) = preSolution
		HideSolutionNode = FALSE
	EndGlobalSection
	GlobalSection(ExtensibilityGlobals) = postSolution
		SolutionGuid = {3B8CAF37-A086-44DF-B183-5F887D699C77}
	EndGlobalSection
EndGlobal
